
Microsoft Visual Studio Solution File, Format Version 12.00
# Visual Studio Version 16
VisualStudioVersion = 16.0.31005.135
MinimumVisualStudioVersion = 10.0.40219.1
Project("{FAE04EC0-301F-11D3-BF4B-00C04F79EFBC}") = "PacMan", "PacMan.csproj", "{0FDBCD7E-FABD-4CF8-932E-B6C03D14F63F}"
EndProject
Global
	GlobalSection(SolutionConfigurationPlatforms) = preSolution
		Debug|Any CPU = Debug|Any CPU
		Release|Any CPU = Release|Any CPU
	EndGlobalSection
	GlobalSection(ProjectConfigurationPlatforms) = postSolution
		{0FDBCD7E-FABD-4CF8-932E-B6C03D14F63F}.Debug|Any CPU.ActiveCfg = Debug|Any CPU
		{0FDBCD7E-FABD-4CF8-932E-B6C03D14F63F}.Debug|Any CPU.Build.0 = Debug|Any CPU
		{0FDBCD7E-FABD-4CF8-932E-B6C03D14F63F}.Release|Any CPU.ActiveCfg = Release|Any CPU
		{0FDBCD7E-FABD-4CF8-932E-B6C03D14F63F}.Release|Any CPU.Build.0 = Release|Any CPU
	EndGlobalSection
	GlobalSection(SolutionProperties) = preSolution
		HideSolutionNode = FALSE
	EndGlobalSection
	GlobalSection(ExtensibilityGlobals) = postSolution
		SolutionGuid = {B0F4B639-FF6B-4563-884B-AD7CB81CEC90}
	EndGlobalSection
EndGlobal
