
Microsoft Visual Studio Solution File, Format Version 12.00
# Visual Studio Version 16
VisualStudioVersion = 16.0.31005.135
MinimumVisualStudioVersion = 10.0.40219.1
Project("{FAE04EC0-301F-11D3-BF4B-00C04F79EFBC}") = "PacMan-GUI-WPF", "PacMan-GUI-WPF.csproj", "{1210D24F-41CC-4D95-83D8-F49F848C976F}"
EndProject
Global
	GlobalSection(SolutionConfigurationPlatforms) = preSolution
		Debug|Any CPU = Debug|Any CPU
		Release|Any CPU = Release|Any CPU
	EndGlobalSection
	GlobalSection(ProjectConfigurationPlatforms) = postSolution
		{1210D24F-41CC-4D95-83D8-F49F848C976F}.Debug|Any CPU.ActiveCfg = Debug|Any CPU
		{1210D24F-41CC-4D95-83D8-F49F848C976F}.Debug|Any CPU.Build.0 = Debug|Any CPU
		{1210D24F-41CC-4D95-83D8-F49F848C976F}.Release|Any CPU.ActiveCfg = Release|Any CPU
		{1210D24F-41CC-4D95-83D8-F49F848C976F}.Release|Any CPU.Build.0 = Release|Any CPU
	EndGlobalSection
	GlobalSection(SolutionProperties) = preSolution
		HideSolutionNode = FALSE
	EndGlobalSection
	GlobalSection(ExtensibilityGlobals) = postSolution
		SolutionGuid = {FBE9D352-493A-46DF-826C-212ECA73070D}
	EndGlobalSection
EndGlobal
